
Microsoft Visual Studio Solution File, Format Version 12.00
# Visual Studio Version 17
VisualStudioVersion = 17.3.32804.467
MinimumVisualStudioVersion = 10.0.40219.1
Project("{FAE04EC0-301F-11D3-BF4B-00C04F79EFBC}") = "RootService", "RootService\RootService.csproj", "{992721E2-E4DE-4FCE-8DAB-274C212E57E0}"
EndProject
Project("{FAE04EC0-301F-11D3-BF4B-00C04F79EFBC}") = "SampleService", "SampleService\SampleService.csproj", "{9CBBF9E2-DA01-4697-8C01-EE03B8EF5A26}"
EndProject
Project("{FAE04EC0-301F-11D3-BF4B-00C04F79EFBC}") = "Net.Http.Utils", "Net.Http.Utils\Net.Http.Utils.csproj", "{1C39FC38-8282-4EB2-B39F-5D3C483AA058}"
EndProject
Global
	GlobalSection(SolutionConfigurationPlatforms) = preSolution
		Debug|Any CPU = Debug|Any CPU
		Release|Any CPU = Release|Any CPU
	EndGlobalSection
	GlobalSection(ProjectConfigurationPlatforms) = postSolution
		{992721E2-E4DE-4FCE-8DAB-274C212E57E0}.Debug|Any CPU.ActiveCfg = Debug|Any CPU
		{992721E2-E4DE-4FCE-8DAB-274C212E57E0}.Debug|Any CPU.Build.0 = Debug|Any CPU
		{992721E2-E4DE-4FCE-8DAB-274C212E57E0}.Release|Any CPU.ActiveCfg = Release|Any CPU
		{992721E2-E4DE-4FCE-8DAB-274C212E57E0}.Release|Any CPU.Build.0 = Release|Any CPU
		{9CBBF9E2-DA01-4697-8C01-EE03B8EF5A26}.Debug|Any CPU.ActiveCfg = Debug|Any CPU
		{9CBBF9E2-DA01-4697-8C01-EE03B8EF5A26}.Debug|Any CPU.Build.0 = Debug|Any CPU
		{9CBBF9E2-DA01-4697-8C01-EE03B8EF5A26}.Release|Any CPU.ActiveCfg = Release|Any CPU
		{9CBBF9E2-DA01-4697-8C01-EE03B8EF5A26}.Release|Any CPU.Build.0 = Release|Any CPU
		{1C39FC38-8282-4EB2-B39F-5D3C483AA058}.Debug|Any CPU.ActiveCfg = Debug|Any CPU
		{1C39FC38-8282-4EB2-B39F-5D3C483AA058}.Debug|Any CPU.Build.0 = Debug|Any CPU
		{1C39FC38-8282-4EB2-B39F-5D3C483AA058}.Release|Any CPU.ActiveCfg = Release|Any CPU
		{1C39FC38-8282-4EB2-B39F-5D3C483AA058}.Release|Any CPU.Build.0 = Release|Any CPU
	EndGlobalSection
	GlobalSection(SolutionProperties) = preSolution
		HideSolutionNode = FALSE
	EndGlobalSection
	GlobalSection(ExtensibilityGlobals) = postSolution
		SolutionGuid = {4F146D94-DB30-4EE5-AAC9-273B3B25533A}
	EndGlobalSection
EndGlobal
