
Microsoft Visual Studio Solution File, Format Version 12.00
# Visual Studio Version 17
VisualStudioVersion = 17.2.32630.192
MinimumVisualStudioVersion = 10.0.40219.1
Project("{FAE04EC0-301F-11D3-BF4B-00C04F79EFBC}") = "LibraryService", "LibraryService\LibraryService.csproj", "{0F687B8C-A6B6-4FCC-BFF3-0A848FB57503}"
EndProject
Global
	GlobalSection(SolutionConfigurationPlatforms) = preSolution
		Debug|Any CPU = Debug|Any CPU
		Release|Any CPU = Release|Any CPU
	EndGlobalSection
	GlobalSection(ProjectConfigurationPlatforms) = postSolution
		{0F687B8C-A6B6-4FCC-BFF3-0A848FB57503}.Debug|Any CPU.ActiveCfg = Debug|Any CPU
		{0F687B8C-A6B6-4FCC-BFF3-0A848FB57503}.Debug|Any CPU.Build.0 = Debug|Any CPU
		{0F687B8C-A6B6-4FCC-BFF3-0A848FB57503}.Release|Any CPU.ActiveCfg = Release|Any CPU
		{0F687B8C-A6B6-4FCC-BFF3-0A848FB57503}.Release|Any CPU.Build.0 = Release|Any CPU
	EndGlobalSection
	GlobalSection(SolutionProperties) = preSolution
		HideSolutionNode = FALSE
	EndGlobalSection
	GlobalSection(ExtensibilityGlobals) = postSolution
		SolutionGuid = {5B1DAC3A-34C5-47F1-BFA5-D22856B413BB}
	EndGlobalSection
EndGlobal
